// !$*UTF8*$!
{
	archiveVersion = 1;
	classes = {
	};
	objectVersion = 50;
	objects = {

/* Begin PBXBuildFile section */
		B95B5C6425824A1200E1A8FB /* AppDelegate.swift in Sources */ = {isa = PBXBuildFile; fileRef = B95B5C6325824A1200E1A8FB /* AppDelegate.swift */; };
		B95B5C6625824A1200E1A8FB /* SceneDelegate.swift in Sources */ = {isa = PBXBuildFile; fileRef = B95B5C6525824A1200E1A8FB /* SceneDelegate.swift */; };
		B95B5C6825824A1200E1A8FB /* ContentView.swift in Sources */ = {isa = PBXBuildFile; fileRef = B95B5C6725824A1200E1A8FB /* ContentView.swift */; };
		B95B5C6A25824A1500E1A8FB /* Assets.xcassets in Resources */ = {isa = PBXBuildFile; fileRef = B95B5C6925824A1500E1A8FB /* Assets.xcassets */; };
		B95B5C6D25824A1500E1A8FB /* Preview Assets.xcassets in Resources */ = {isa = PBXBuildFile; fileRef = B95B5C6C25824A1500E1A8FB /* Preview Assets.xcassets */; };
		B95B5C7025824A1500E1A8FB /* LaunchScreen.storyboard in Resources */ = {isa = PBXBuildFile; fileRef = B95B5C6E25824A1500E1A8FB /* LaunchScreen.storyboard */; };
		B95B5C7B25824A1500E1A8FB /* memorizeTests.swift in Sources */ = {isa = PBXBuildFile; fileRef = B95B5C7A25824A1500E1A8FB /* memorizeTests.swift */; };
		B95B5C8625824A1600E1A8FB /* memorizeUITests.swift in Sources */ = {isa = PBXBuildFile; fileRef = B95B5C8525824A1600E1A8FB /* memorizeUITests.swift */; };
/* End PBXBuildFile section */

/* Begin PBXContainerItemProxy section */
		B95B5C7725824A1500E1A8FB /* PBXContainerItemProxy */ = {
			isa = PBXContainerItemProxy;
			containerPortal = B95B5C5825824A1200E1A8FB /* Project object */;
			proxyType = 1;
			remoteGlobalIDString = B95B5C5F25824A1200E1A8FB;
			remoteInfo = memorize;
		};
		B95B5C8225824A1600E1A8FB /* PBXContainerItemProxy */ = {
			isa = PBXContainerItemProxy;
			containerPortal = B95B5C5825824A1200E1A8FB /* Project object */;
			proxyType = 1;
			remoteGlobalIDString = B95B5C5F25824A1200E1A8FB;
			remoteInfo = memorize;
		};
/* End PBXContainerItemProxy section */

/* Begin PBXFileReference section */
		B95B5C6025824A1200E1A8FB /* memorize.app */ = {isa = PBXFileReference; explicitFileType = wrapper.application; includeInIndex = 0; path = memorize.app; sourceTree = BUILT_PRODUCTS_DIR; };
		B95B5C6325824A1200E1A8FB /* AppDelegate.swift */ = {isa = PBXFileReference; lastKnownFileType = sourcecode.swift; path = AppDelegate.swift; sourceTree = "<group>"; };
		B95B5C6525824A1200E1A8FB /* SceneDelegate.swift */ = {isa = PBXFileReference; lastKnownFileType = sourcecode.swift; path = SceneDelegate.swift; sourceTree = "<group>"; };
		B95B5C6725824A1200E1A8FB /* ContentView.swift */ = {isa = PBXFileReference; lastKnownFileType = sourcecode.swift; path = ContentView.swift; sourceTree = "<group>"; };
		B95B5C6925824A1500E1A8FB /* Assets.xcassets */ = {isa = PBXFileReference; lastKnownFileType = folder.assetcatalog; path = Assets.xcassets; sourceTree = "<group>"; };
		B95B5C6C25824A1500E1A8FB /* Preview Assets.xcassets */ = {isa = PBXFileReference; lastKnownFileType = folder.assetcatalog; path = "Preview Assets.xcassets"; sourceTree = "<group>"; };
		B95B5C6F25824A1500E1A8FB /* Base */ = {isa = PBXFileReference; lastKnownFileType = file.storyboard; name = Base; path = Base.lproj/LaunchScreen.storyboard; sourceTree = "<group>"; };
		B95B5C7125824A1500E1A8FB /* Info.plist */ = {isa = PBXFileReference; lastKnownFileType = text.plist.xml; path = Info.plist; sourceTree = "<group>"; };
		B95B5C7625824A1500E1A8FB /* memorizeTests.xctest */ = {isa = PBXFileReference; explicitFileType = wrapper.cfbundle; includeInIndex = 0; path = memorizeTests.xctest; sourceTree = BUILT_PRODUCTS_DIR; };
		B95B5C7A25824A1500E1A8FB /* memorizeTests.swift */ = {isa = PBXFileReference; lastKnownFileType = sourcecode.swift; path = memorizeTests.swift; sourceTree = "<group>"; };
		B95B5C7C25824A1500E1A8FB /* Info.plist */ = {isa = PBXFileReference; lastKnownFileType = text.plist.xml; path = Info.plist; sourceTree = "<group>"; };
		B95B5C8125824A1600E1A8FB /* memorizeUITests.xctest */ = {isa = PBXFileReference; explicitFileType = wrapper.cfbundle; includeInIndex = 0; path = memorizeUITests.xctest; sourceTree = BUILT_PRODUCTS_DIR; };
		B95B5C8525824A1600E1A8FB /* memorizeUITests.swift */ = {isa = PBXFileReference; lastKnownFileType = sourcecode.swift; path = memorizeUITests.swift; sourceTree = "<group>"; };
		B95B5C8725824A1600E1A8FB /* Info.plist */ = {isa = PBXFileReference; lastKnownFileType = text.plist.xml; path = Info.plist; sourceTree = "<group>"; };
/* End PBXFileReference section */

/* Begin PBXFrameworksBuildPhase section */
		B95B5C5D25824A1200E1A8FB /* Frameworks */ = {
			isa = PBXFrameworksBuildPhase;
			buildActionMask = 2147483647;
			files = (
			);
			runOnlyForDeploymentPostprocessing = 0;
		};
		B95B5C7325824A1500E1A8FB /* Frameworks */ = {
			isa = PBXFrameworksBuildPhase;
			buildActionMask = 2147483647;
			files = (
			);
			runOnlyForDeploymentPostprocessing = 0;
		};
		B95B5C7E25824A1500E1A8FB /* Frameworks */ = {
			isa = PBXFrameworksBuildPhase;
			buildActionMask = 2147483647;
			files = (
			);
			runOnlyForDeploymentPostprocessing = 0;
		};
/* End PBXFrameworksBuildPhase section */

/* Begin PBXGroup section */
		B95B5C5725824A1100E1A8FB = {
			isa = PBXGroup;
			children = (
				B95B5C6225824A1200E1A8FB /* memorize */,
				B95B5C7925824A1500E1A8FB /* memorizeTests */,
				B95B5C8425824A1600E1A8FB /* memorizeUITests */,
				B95B5C6125824A1200E1A8FB /* Products */,
			);
			sourceTree = "<group>";
		};
		B95B5C6125824A1200E1A8FB /* Products */ = {
			isa = PBXGroup;
			children = (
				B95B5C6025824A1200E1A8FB /* memorize.app */,
				B95B5C7625824A1500E1A8FB /* memorizeTests.xctest */,
				B95B5C8125824A1600E1A8FB /* memorizeUITests.xctest */,
			);
			name = Products;
			sourceTree = "<group>";
		};
		B95B5C6225824A1200E1A8FB /* memorize */ = {
			isa = PBXGroup;
			children = (
				B95B5C6325824A1200E1A8FB /* AppDelegate.swift */,
				B95B5C6525824A1200E1A8FB /* SceneDelegate.swift */,
				B95B5C6725824A1200E1A8FB /* ContentView.swift */,
				B95B5C6925824A1500E1A8FB /* Assets.xcassets */,
				B95B5C6E25824A1500E1A8FB /* LaunchScreen.storyboard */,
				B95B5C7125824A1500E1A8FB /* Info.plist */,
				B95B5C6B25824A1500E1A8FB /* Preview Content */,
			);
			path = memorize;
			sourceTree = "<group>";
		};
		B95B5C6B25824A1500E1A8FB /* Preview Content */ = {
			isa = PBXGroup;
			children = (
				B95B5C6C25824A1500E1A8FB /* Preview Assets.xcassets */,
			);
			path = "Preview Content";
			sourceTree = "<group>";
		};
		B95B5C7925824A1500E1A8FB /* memorizeTests */ = {
			isa = PBXGroup;
			children = (
				B95B5C7A25824A1500E1A8FB /* memorizeTests.swift */,
				B95B5C7C25824A1500E1A8FB /* Info.plist */,
			);
			path = memorizeTests;
			sourceTree = "<group>";
		};
		B95B5C8425824A1600E1A8FB /* memorizeUITests */ = {
			isa = PBXGroup;
			children = (
				B95B5C8525824A1600E1A8FB /* memorizeUITests.swift */,
				B95B5C8725824A1600E1A8FB /* Info.plist */,
			);
			path = memorizeUITests;
			sourceTree = "<group>";
		};
/* End PBXGroup section */

/* Begin PBXNativeTarget section */
		B95B5C5F25824A1200E1A8FB /* memorize */ = {
			isa = PBXNativeTarget;
			buildConfigurationList = B95B5C8A25824A1600E1A8FB /* Build configuration list for PBXNativeTarget "memorize" */;
			buildPhases = (
				B95B5C5C25824A1200E1A8FB /* Sources */,
				B95B5C5D25824A1200E1A8FB /* Frameworks */,
				B95B5C5E25824A1200E1A8FB /* Resources */,
			);
			buildRules = (
			);
			dependencies = (
			);
			name = memorize;
			productName = memorize;
			productReference = B95B5C6025824A1200E1A8FB /* memorize.app */;
			productType = "com.apple.product-type.application";
		};
		B95B5C7525824A1500E1A8FB /* memorizeTests */ = {
			isa = PBXNativeTarget;
			buildConfigurationList = B95B5C8D25824A1600E1A8FB /* Build configuration list for PBXNativeTarget "memorizeTests" */;
			buildPhases = (
				B95B5C7225824A1500E1A8FB /* Sources */,
				B95B5C7325824A1500E1A8FB /* Frameworks */,
				B95B5C7425824A1500E1A8FB /* Resources */,
			);
			buildRules = (
			);
			dependencies = (
				B95B5C7825824A1500E1A8FB /* PBXTargetDependency */,
			);
			name = memorizeTests;
			productName = memorizeTests;
			productReference = B95B5C7625824A1500E1A8FB /* memorizeTests.xctest */;
			productType = "com.apple.product-type.bundle.unit-test";
		};
		B95B5C8025824A1500E1A8FB /* memorizeUITests */ = {
			isa = PBXNativeTarget;
			buildConfigurationList = B95B5C9025824A1600E1A8FB /* Build configuration list for PBXNativeTarget "memorizeUITests" */;
			buildPhases = (
				B95B5C7D25824A1500E1A8FB /* Sources */,
				B95B5C7E25824A1500E1A8FB /* Frameworks */,
				B95B5C7F25824A1500E1A8FB /* Resources */,
			);
			buildRules = (
			);
			dependencies = (
				B95B5C8325824A1600E1A8FB /* PBXTargetDependency */,
			);
			name = memorizeUITests;
			productName = memorizeUITests;
			productReference = B95B5C8125824A1600E1A8FB /* memorizeUITests.xctest */;
			productType = "com.apple.product-type.bundle.ui-testing";
		};
/* End PBXNativeTarget section */

/* Begin PBXProject section */
		B95B5C5825824A1200E1A8FB /* Project object */ = {
			isa = PBXProject;
			attributes = {
				LastSwiftUpdateCheck = 1220;
				LastUpgradeCheck = 1220;
				TargetAttributes = {
					B95B5C5F25824A1200E1A8FB = {
						CreatedOnToolsVersion = 12.2;
					};
					B95B5C7525824A1500E1A8FB = {
						CreatedOnToolsVersion = 12.2;
						TestTargetID = B95B5C5F25824A1200E1A8FB;
					};
					B95B5C8025824A1500E1A8FB = {
						CreatedOnToolsVersion = 12.2;
						TestTargetID = B95B5C5F25824A1200E1A8FB;
					};
				};
			};
			buildConfigurationList = B95B5C5B25824A1200E1A8FB /* Build configuration list for PBXProject "memorize" */;
			compatibilityVersion = "Xcode 9.3";
			developmentRegion = en;
			hasScannedForEncodings = 0;
			knownRegions = (
				en,
				Base,
			);
			mainGroup = B95B5C5725824A1100E1A8FB;
			productRefGroup = B95B5C6125824A1200E1A8FB /* Products */;
			projectDirPath = "";
			projectRoot = "";
			targets = (
				B95B5C5F25824A1200E1A8FB /* memorize */,
				B95B5C7525824A1500E1A8FB /* memorizeTests */,
				B95B5C8025824A1500E1A8FB /* memorizeUITests */,
			);
		};
/* End PBXProject section */

/* Begin PBXResourcesBuildPhase section */
		B95B5C5E25824A1200E1A8FB /* Resources */ = {
			isa = PBXResourcesBuildPhase;
			buildActionMask = 2147483647;
			files = (
				B95B5C7025824A1500E1A8FB /* LaunchScreen.storyboard in Resources */,
				B95B5C6D25824A1500E1A8FB /* Preview Assets.xcassets in Resources */,
				B95B5C6A25824A1500E1A8FB /* Assets.xcassets in Resources */,
			);
			runOnlyForDeploymentPostprocessing = 0;
		};
		B95B5C7425824A1500E1A8FB /* Resources */ = {
			isa = PBXResourcesBuildPhase;
			buildActionMask = 2147483647;
			files = (
			);
			runOnlyForDeploymentPostprocessing = 0;
		};
		B95B5C7F25824A1500E1A8FB /* Resources */ = {
			isa = PBXResourcesBuildPhase;
			buildActionMask = 2147483647;
			files = (
			);
			runOnlyForDeploymentPostprocessing = 0;
		};
/* End PBXResourcesBuildPhase section */

/* Begin PBXSourcesBuildPhase section */
		B95B5C5C25824A1200E1A8FB /* Sources */ = {
			isa = PBXSourcesBuildPhase;
			buildActionMask = 2147483647;
			files = (
				B95B5C6425824A1200E1A8FB /* AppDelegate.swift in Sources */,
				B95B5C6625824A1200E1A8FB /* SceneDelegate.swift in Sources */,
				B95B5C6825824A1200E1A8FB /* ContentView.swift in Sources */,
			);
			runOnlyForDeploymentPostprocessing = 0;
		};
		B95B5C7225824A1500E1A8FB /* Sources */ = {
			isa = PBXSourcesBuildPhase;
			buildActionMask = 2147483647;
			files = (
				B95B5C7B25824A1500E1A8FB /* memorizeTests.swift in Sources */,
			);
			runOnlyForDeploymentPostprocessing = 0;
		};
		B95B5C7D25824A1500E1A8FB /* Sources */ = {
			isa = PBXSourcesBuildPhase;
			buildActionMask = 2147483647;
			files = (
				B95B5C8625824A1600E1A8FB /* memorizeUITests.swift in Sources */,
			);
			runOnlyForDeploymentPostprocessing = 0;
		};
/* End PBXSourcesBuildPhase section */

/* Begin PBXTargetDependency section */
		B95B5C7825824A1500E1A8FB /* PBXTargetDependency */ = {
			isa = PBXTargetDependency;
			target = B95B5C5F25824A1200E1A8FB /* memorize */;
			targetProxy = B95B5C7725824A1500E1A8FB /* PBXContainerItemProxy */;
		};
		B95B5C8325824A1600E1A8FB /* PBXTargetDependency */ = {
			isa = PBXTargetDependency;
			target = B95B5C5F25824A1200E1A8FB /* memorize */;
			targetProxy = B95B5C8225824A1600E1A8FB /* PBXContainerItemProxy */;
		};
/* End PBXTargetDependency section */

/* Begin PBXVariantGroup section */
		B95B5C6E25824A1500E1A8FB /* LaunchScreen.storyboard */ = {
			isa = PBXVariantGroup;
			children = (
				B95B5C6F25824A1500E1A8FB /* Base */,
			);
			name = LaunchScreen.storyboard;
			sourceTree = "<group>";
		};
/* End PBXVariantGroup section */

/* Begin XCBuildConfiguration section */
		B95B5C8825824A1600E1A8FB /* Debug */ = {
			isa = XCBuildConfiguration;
			buildSettings = {
				ALWAYS_SEARCH_USER_PATHS = NO;
				CLANG_ANALYZER_NONNULL = YES;
				CLANG_ANALYZER_NUMBER_OBJECT_CONVERSION = YES_AGGRESSIVE;
				CLANG_CXX_LANGUAGE_STANDARD = "gnu++14";
				CLANG_CXX_LIBRARY = "libc++";
				CLANG_ENABLE_MODULES = YES;
				CLANG_ENABLE_OBJC_ARC = YES;
				CLANG_ENABLE_OBJC_WEAK = YES;
				CLANG_WARN_BLOCK_CAPTURE_AUTORELEASING = YES;
				CLANG_WARN_BOOL_CONVERSION = YES;
				CLANG_WARN_COMMA = YES;
				CLANG_WARN_CONSTANT_CONVERSION = YES;
				CLANG_WARN_DEPRECATED_OBJC_IMPLEMENTATIONS = YES;
				CLANG_WARN_DIRECT_OBJC_ISA_USAGE = YES_ERROR;
				CLANG_WARN_DOCUMENTATION_COMMENTS = YES;
				CLANG_WARN_EMPTY_BODY = YES;
				CLANG_WARN_ENUM_CONVERSION = YES;
				CLANG_WARN_INFINITE_RECURSION = YES;
				CLANG_WARN_INT_CONVERSION = YES;
				CLANG_WARN_NON_LITERAL_NULL_CONVERSION = YES;
				CLANG_WARN_OBJC_IMPLICIT_RETAIN_SELF = YES;
				CLANG_WARN_OBJC_LITERAL_CONVERSION = YES;
				CLANG_WARN_OBJC_ROOT_CLASS = YES_ERROR;
				CLANG_WARN_QUOTED_INCLUDE_IN_FRAMEWORK_HEADER = YES;
				CLANG_WARN_RANGE_LOOP_ANALYSIS = YES;
				CLANG_WARN_STRICT_PROTOTYPES = YES;
				CLANG_WARN_SUSPICIOUS_MOVE = YES;
				CLANG_WARN_UNGUARDED_AVAILABILITY = YES_AGGRESSIVE;
				CLANG_WARN_UNREACHABLE_CODE = YES;
				CLANG_WARN__DUPLICATE_METHOD_MATCH = YES;
				COPY_PHASE_STRIP = NO;
				DEBUG_INFORMATION_FORMAT = dwarf;
				ENABLE_STRICT_OBJC_MSGSEND = YES;
				ENABLE_TESTABILITY = YES;
				GCC_C_LANGUAGE_STANDARD = gnu11;
				GCC_DYNAMIC_NO_PIC = NO;
				GCC_NO_COMMON_BLOCKS = YES;
				GCC_OPTIMIZATION_LEVEL = 0;
				GCC_PREPROCESSOR_DEFINITIONS = (
					"DEBUG=1",
					"$(inherited)",
				);
				GCC_WARN_64_TO_32_BIT_CONVERSION = YES;
				GCC_WARN_ABOUT_RETURN_TYPE = YES_ERROR;
				GCC_WARN_UNDECLARED_SELECTOR = YES;
				GCC_WARN_UNINITIALIZED_AUTOS = YES_AGGRESSIVE;
				GCC_WARN_UNUSED_FUNCTION = YES;
				GCC_WARN_UNUSED_VARIABLE = YES;
				IPHONEOS_DEPLOYMENT_TARGET = 14.2;
				MTL_ENABLE_DEBUG_INFO = INCLUDE_SOURCE;
				MTL_FAST_MATH = YES;
				ONLY_ACTIVE_ARCH = YES;
				SDKROOT = iphoneos;
				SWIFT_ACTIVE_COMPILATION_CONDITIONS = DEBUG;
				SWIFT_OPTIMIZATION_LEVEL = "-Onone";
			};
			name = Debug;
		};
		B95B5C8925824A1600E1A8FB /* Release */ = {
			isa = XCBuildConfiguration;
			buildSettings = {
				ALWAYS_SEARCH_USER_PATHS = NO;
				CLANG_ANALYZER_NONNULL = YES;
				CLANG_ANALYZER_NUMBER_OBJECT_CONVERSION = YES_AGGRESSIVE;
				CLANG_CXX_LANGUAGE_STANDARD = "gnu++14";
				CLANG_CXX_LIBRARY = "libc++";
				CLANG_ENABLE_MODULES = YES;
				CLANG_ENABLE_OBJC_ARC = YES;
				CLANG_ENABLE_OBJC_WEAK = YES;
				CLANG_WARN_BLOCK_CAPTURE_AUTORELEASING = YES;
				CLANG_WARN_BOOL_CONVERSION = YES;
				CLANG_WARN_COMMA = YES;
				CLANG_WARN_CONSTANT_CONVERSION = YES;
				CLANG_WARN_DEPRECATED_OBJC_IMPLEMENTATIONS = YES;
				CLANG_WARN_DIRECT_OBJC_ISA_USAGE = YES_ERROR;
				CLANG_WARN_DOCUMENTATION_COMMENTS = YES;
				CLANG_WARN_EMPTY_BODY = YES;
				CLANG_WARN_ENUM_CONVERSION = YES;
				CLANG_WARN_INFINITE_RECURSION = YES;
				CLANG_WARN_INT_CONVERSION = YES;
				CLANG_WARN_NON_LITERAL_NULL_CONVERSION = YES;
				CLANG_WARN_OBJC_IMPLICIT_RETAIN_SELF = YES;
				CLANG_WARN_OBJC_LITERAL_CONVERSION = YES;
				CLANG_WARN_OBJC_ROOT_CLASS = YES_ERROR;
				CLANG_WARN_QUOTED_INCLUDE_IN_FRAMEWORK_HEADER = YES;
				CLANG_WARN_RANGE_LOOP_ANALYSIS = YES;
				CLANG_WARN_STRICT_PROTOTYPES = YES;
				CLANG_WARN_SUSPICIOUS_MOVE = YES;
				CLANG_WARN_UNGUARDED_AVAILABILITY = YES_AGGRESSIVE;
				CLANG_WARN_UNREACHABLE_CODE = YES;
				CLANG_WARN__DUPLICATE_METHOD_MATCH = YES;
				COPY_PHASE_STRIP = NO;
				DEBUG_INFORMATION_FORMAT = "dwarf-with-dsym";
				ENABLE_NS_ASSERTIONS = NO;
				ENABLE_STRICT_OBJC_MSGSEND = YES;
				GCC_C_LANGUAGE_STANDARD = gnu11;
				GCC_NO_COMMON_BLOCKS = YES;
				GCC_WARN_64_TO_32_BIT_CONVERSION = YES;
				GCC_WARN_ABOUT_RETURN_TYPE = YES_ERROR;
				GCC_WARN_UNDECLARED_SELECTOR = YES;
				GCC_WARN_UNINITIALIZED_AUTOS = YES_AGGRESSIVE;
				GCC_WARN_UNUSED_FUNCTION = YES;
				GCC_WARN_UNUSED_VARIABLE = YES;
				IPHONEOS_DEPLOYMENT_TARGET = 14.2;
				MTL_ENABLE_DEBUG_INFO = NO;
				MTL_FAST_MATH = YES;
				SDKROOT = iphoneos;
				SWIFT_COMPILATION_MODE = wholemodule;
				SWIFT_OPTIMIZATION_LEVEL = "-O";
				VALIDATE_PRODUCT = YES;
			};
			name = Release;
		};
		B95B5C8B25824A1600E1A8FB /* Debug */ = {
			isa = XCBuildConfiguration;
			buildSettings = {
				ASSETCATALOG_COMPILER_APPICON_NAME = AppIcon;
				ASSETCATALOG_COMPILER_GLOBAL_ACCENT_COLOR_NAME = AccentColor;
				CODE_SIGN_STYLE = Automatic;
				DEVELOPMENT_ASSET_PATHS = "\"memorize/Preview Content\"";
				ENABLE_PREVIEWS = YES;
				INFOPLIST_FILE = memorize/Info.plist;
				LD_RUNPATH_SEARCH_PATHS = (
					"$(inherited)",
					"@executable_path/Frameworks",
				);
				PRODUCT_BUNDLE_IDENTIFIER = com.jihwan.memorize;
				PRODUCT_NAME = "$(TARGET_NAME)";
				SWIFT_VERSION = 5.0;
				TARGETED_DEVICE_FAMILY = "1,2";
			};
			name = Debug;
		};
		B95B5C8C25824A1600E1A8FB /* Release */ = {
			isa = XCBuildConfiguration;
			buildSettings = {
				ASSETCATALOG_COMPILER_APPICON_NAME = AppIcon;
				ASSETCATALOG_COMPILER_GLOBAL_ACCENT_COLOR_NAME = AccentColor;
				CODE_SIGN_STYLE = Automatic;
				DEVELOPMENT_ASSET_PATHS = "\"memorize/Preview Content\"";
				ENABLE_PREVIEWS = YES;
				INFOPLIST_FILE = memorize/Info.plist;
				LD_RUNPATH_SEARCH_PATHS = (
					"$(inherited)",
					"@executable_path/Frameworks",
				);
				PRODUCT_BUNDLE_IDENTIFIER = com.jihwan.memorize;
				PRODUCT_NAME = "$(TARGET_NAME)";
				SWIFT_VERSION = 5.0;
				TARGETED_DEVICE_FAMILY = "1,2";
			};
			name = Release;
		};
		B95B5C8E25824A1600E1A8FB /* Debug */ = {
			isa = XCBuildConfiguration;
			buildSettings = {
				ALWAYS_EMBED_SWIFT_STANDARD_LIBRARIES = YES;
				BUNDLE_LOADER = "$(TEST_HOST)";
				CODE_SIGN_STYLE = Automatic;
				INFOPLIST_FILE = memorizeTests/Info.plist;
				IPHONEOS_DEPLOYMENT_TARGET = 14.2;
				LD_RUNPATH_SEARCH_PATHS = (
					"$(inherited)",
					"@executable_path/Frameworks",
					"@loader_path/Frameworks",
				);
				PRODUCT_BUNDLE_IDENTIFIER = com.jihwan.memorizeTests;
				PRODUCT_NAME = "$(TARGET_NAME)";
				SWIFT_VERSION = 5.0;
				TARGETED_DEVICE_FAMILY = "1,2";
				TEST_HOST = "$(BUILT_PRODUCTS_DIR)/memorize.app/memorize";
			};
			name = Debug;
		};
		B95B5C8F25824A1600E1A8FB /* Release */ = {
			isa = XCBuildConfiguration;
			buildSettings = {
				ALWAYS_EMBED_SWIFT_STANDARD_LIBRARIES = YES;
				BUNDLE_LOADER = "$(TEST_HOST)";
				CODE_SIGN_STYLE = Automatic;
				INFOPLIST_FILE = memorizeTests/Info.plist;
				IPHONEOS_DEPLOYMENT_TARGET = 14.2;
				LD_RUNPATH_SEARCH_PATHS = (
					"$(inherited)",
					"@executable_path/Frameworks",
					"@loader_path/Frameworks",
				);
				PRODUCT_BUNDLE_IDENTIFIER = com.jihwan.memorizeTests;
				PRODUCT_NAME = "$(TARGET_NAME)";
				SWIFT_VERSION = 5.0;
				TARGETED_DEVICE_FAMILY = "1,2";
				TEST_HOST = "$(BUILT_PRODUCTS_DIR)/memorize.app/memorize";
			};
			name = Release;
		};
		B95B5C9125824A1600E1A8FB /* Debug */ = {
			isa = XCBuildConfiguration;
			buildSettings = {
				ALWAYS_EMBED_SWIFT_STANDARD_LIBRARIES = YES;
				CODE_SIGN_STYLE = Automatic;
				INFOPLIST_FILE = memorizeUITests/Info.plist;
				LD_RUNPATH_SEARCH_PATHS = (
					"$(inherited)",
					"@executable_path/Frameworks",
					"@loader_path/Frameworks",
				);
				PRODUCT_BUNDLE_IDENTIFIER = com.jihwan.memorizeUITests;
				PRODUCT_NAME = "$(TARGET_NAME)";
				SWIFT_VERSION = 5.0;
				TARGETED_DEVICE_FAMILY = "1,2";
				TEST_TARGET_NAME = memorize;
			};
			name = Debug;
		};
		B95B5C9225824A1600E1A8FB /* Release */ = {
			isa = XCBuildConfiguration;
			buildSettings = {
				ALWAYS_EMBED_SWIFT_STANDARD_LIBRARIES = YES;
				CODE_SIGN_STYLE = Automatic;
				INFOPLIST_FILE = memorizeUITests/Info.plist;
				LD_RUNPATH_SEARCH_PATHS = (
					"$(inherited)",
					"@executable_path/Frameworks",
					"@loader_path/Frameworks",
				);
				PRODUCT_BUNDLE_IDENTIFIER = com.jihwan.memorizeUITests;
				PRODUCT_NAME = "$(TARGET_NAME)";
				SWIFT_VERSION = 5.0;
				TARGETED_DEVICE_FAMILY = "1,2";
				TEST_TARGET_NAME = memorize;
			};
			name = Release;
		};
/* End XCBuildConfiguration section */

/* Begin XCConfigurationList section */
		B95B5C5B25824A1200E1A8FB /* Build configuration list for PBXProject "memorize" */ = {
			isa = XCConfigurationList;
			buildConfigurations = (
				B95B5C8825824A1600E1A8FB /* Debug */,
				B95B5C8925824A1600E1A8FB /* Release */,
			);
			defaultConfigurationIsVisible = 0;
			defaultConfigurationName = Release;
		};
		B95B5C8A25824A1600E1A8FB /* Build configuration list for PBXNativeTarget "memorize" */ = {
			isa = XCConfigurationList;
			buildConfigurations = (
				B95B5C8B25824A1600E1A8FB /* Debug */,
				B95B5C8C25824A1600E1A8FB /* Release */,
			);
			defaultConfigurationIsVisible = 0;
			defaultConfigurationName = Release;
		};
		B95B5C8D25824A1600E1A8FB /* Build configuration list for PBXNativeTarget "memorizeTests" */ = {
			isa = XCConfigurationList;
			buildConfigurations = (
				B95B5C8E25824A1600E1A8FB /* Debug */,
				B95B5C8F25824A1600E1A8FB /* Release */,
			);
			defaultConfigurationIsVisible = 0;
			defaultConfigurationName = Release;
		};
		B95B5C9025824A1600E1A8FB /* Build configuration list for PBXNativeTarget "memorizeUITests" */ = {
			isa = XCConfigurationList;
			buildConfigurations = (
				B95B5C9125824A1600E1A8FB /* Debug */,
				B95B5C9225824A1600E1A8FB /* Release */,
			);
			defaultConfigurationIsVisible = 0;
			defaultConfigurationName = Release;
		};
/* End XCConfigurationList section */
	};
	rootObject = B95B5C5825824A1200E1A8FB /* Project object */;
}
